
Microsoft Visual Studio Solution File, Format Version 12.00
# Visual Studio Version 17
VisualStudioVersion = 17.7.34031.279
MinimumVisualStudioVersion = 10.0.40219.1
Project("{FAE04EC0-301F-11D3-BF4B-00C04F79EFBC}") = "lab5", "lab5\lab5.csproj", "{FDFEA91D-E431-4556-8B93-22E8A0D0CEF1}"
EndProject
Global
	GlobalSection(SolutionConfigurationPlatforms) = preSolution
		Debug|Any CPU = Debug|Any CPU
		Release|Any CPU = Release|Any CPU
	EndGlobalSection
	GlobalSection(ProjectConfigurationPlatforms) = postSolution
		{FDFEA91D-E431-4556-8B93-22E8A0D0CEF1}.Debug|Any CPU.ActiveCfg = Debug|Any CPU
		{FDFEA91D-E431-4556-8B93-22E8A0D0CEF1}.Debug|Any CPU.Build.0 = Debug|Any CPU
		{FDFEA91D-E431-4556-8B93-22E8A0D0CEF1}.Release|Any CPU.ActiveCfg = Release|Any CPU
		{FDFEA91D-E431-4556-8B93-22E8A0D0CEF1}.Release|Any CPU.Build.0 = Release|Any CPU
	EndGlobalSection
	GlobalSection(SolutionProperties) = preSolution
		HideSolutionNode = FALSE
	EndGlobalSection
	GlobalSection(ExtensibilityGlobals) = postSolution
		SolutionGuid = {4A466862-C6C4-4494-918F-B7EB4B8FBA0B}
	EndGlobalSection
EndGlobal
